
Microsoft Visual Studio Solution File, Format Version 12.00
# Visual Studio Version 17
VisualStudioVersion = 17.4.33205.214
MinimumVisualStudioVersion = 10.0.40219.1
Project("{8BC9CEB8-8B4A-11D0-8D11-00A0C91BC942}") = "test", "test.vcxproj", "{8AC3D1FA-58FE-41BD-AD84-B3F8CF9CBD04}"
EndProject
Global
	GlobalSection(SolutionConfigurationPlatforms) = preSolution
		Debug|x64 = Debug|x64
		Debug|x86 = Debug|x86
		Release|x64 = Release|x64
		Release|x86 = Release|x86
	EndGlobalSection
	GlobalSection(ProjectConfigurationPlatforms) = postSolution
		{8AC3D1FA-58FE-41BD-AD84-B3F8CF9CBD04}.Debug|x64.ActiveCfg = Debug|x64
		{8AC3D1FA-58FE-41BD-AD84-B3F8CF9CBD04}.Debug|x64.Build.0 = Debug|x64
		{8AC3D1FA-58FE-41BD-AD84-B3F8CF9CBD04}.Debug|x86.ActiveCfg = Debug|Win32
		{8AC3D1FA-58FE-41BD-AD84-B3F8CF9CBD04}.Debug|x86.Build.0 = Debug|Win32
		{8AC3D1FA-58FE-41BD-AD84-B3F8CF9CBD04}.Release|x64.ActiveCfg = Release|x64
		{8AC3D1FA-58FE-41BD-AD84-B3F8CF9CBD04}.Release|x64.Build.0 = Release|x64
		{8AC3D1FA-58FE-41BD-AD84-B3F8CF9CBD04}.Release|x86.ActiveCfg = Release|Win32
		{8AC3D1FA-58FE-41BD-AD84-B3F8CF9CBD04}.Release|x86.Build.0 = Release|Win32
	EndGlobalSection
	GlobalSection(SolutionProperties) = preSolution
		HideSolutionNode = FALSE
	EndGlobalSection
	GlobalSection(ExtensibilityGlobals) = postSolution
		SolutionGuid = {02408862-C7BC-4A45-B413-B6EA1942EFE4}
	EndGlobalSection
EndGlobal
